
Microsoft Visual Studio Solution File, Format Version 12.00
# Visual Studio 2013
VisualStudioVersion = 12.0.31101.0
MinimumVisualStudioVersion = 10.0.40219.1
Project("{FAE04EC0-301F-11D3-BF4B-00C04F79EFBC}") = "Horarios", "Horarios\Horarios.csproj", "{4B1D6C88-7B63-4802-A87E-E6D187DEB762}"
EndProject
Project("{54435603-DBB4-11D2-8724-00A0C9A8B90C}") = "Setup", "Horarios\Setup\Setup\Setup.vdproj", "{E3B0CD32-61A2-4168-BD77-0E61A6FD8D38}"
EndProject
Global
	GlobalSection(SolutionConfigurationPlatforms) = preSolution
		Debug|Any CPU = Debug|Any CPU
		Release|Any CPU = Release|Any CPU
	EndGlobalSection
	GlobalSection(ProjectConfigurationPlatforms) = postSolution
		{4B1D6C88-7B63-4802-A87E-E6D187DEB762}.Debug|Any CPU.ActiveCfg = Debug|Any CPU
		{4B1D6C88-7B63-4802-A87E-E6D187DEB762}.Debug|Any CPU.Build.0 = Debug|Any CPU
		{4B1D6C88-7B63-4802-A87E-E6D187DEB762}.Debug|Any CPU.Deploy.0 = Debug|Any CPU
		{4B1D6C88-7B63-4802-A87E-E6D187DEB762}.Release|Any CPU.ActiveCfg = Release|Any CPU
		{4B1D6C88-7B63-4802-A87E-E6D187DEB762}.Release|Any CPU.Build.0 = Release|Any CPU
		{E3B0CD32-61A2-4168-BD77-0E61A6FD8D38}.Debug|Any CPU.ActiveCfg = Debug
		{E3B0CD32-61A2-4168-BD77-0E61A6FD8D38}.Release|Any CPU.ActiveCfg = Release
	EndGlobalSection
	GlobalSection(SolutionProperties) = preSolution
		HideSolutionNode = FALSE
	EndGlobalSection
EndGlobal
